
Microsoft Visual Studio Solution File, Format Version 12.00
# Visual Studio Version 16
VisualStudioVersion = 16.0.33927.289
MinimumVisualStudioVersion = 10.0.40219.1
Project("{FAE04EC0-301F-11D3-BF4B-00C04F79EFBC}") = "AimmyAimbot", "AimmyAimbot\AimmyAimbot.csproj", "{F6131502-9C65-43E6-9747-8FD5B1001B74}"
EndProject
Global
	GlobalSection(SolutionConfigurationPlatforms) = preSolution
		Debug|Any CPU = Debug|Any CPU
		Release|Any CPU = Release|Any CPU
	EndGlobalSection
	GlobalSection(ProjectConfigurationPlatforms) = postSolution
		{F6131502-9C65-43E6-9747-8FD5B1001B74}.Debug|Any CPU.ActiveCfg = Debug|Any CPU
		{F6131502-9C65-43E6-9747-8FD5B1001B74}.Debug|Any CPU.Build.0 = Debug|Any CPU
		{F6131502-9C65-43E6-9747-8FD5B1001B74}.Release|Any CPU.ActiveCfg = Release|Any CPU
		{F6131502-9C65-43E6-9747-8FD5B1001B74}.Release|Any CPU.Build.0 = Release|Any CPU
	EndGlobalSection
	GlobalSection(SolutionProperties) = preSolution
		HideSolutionNode = FALSE
	EndGlobalSection
	GlobalSection(ExtensibilityGlobals) = postSolution
		SolutionGuid = {E2CC1311-ECCD-4BBC-A396-461A31514335}
	EndGlobalSection
EndGlobal
