
Microsoft Visual Studio Solution File, Format Version 12.00
# Visual Studio Version 17
VisualStudioVersion = 17.7.34202.233
MinimumVisualStudioVersion = 10.0.40219.1
Project("{FAE04EC0-301F-11D3-BF4B-00C04F79EFBC}") = "AimmyLauncher", "AimmyLauncher\AimmyLauncher.csproj", "{268737A8-34E7-40DA-B250-FACAEBBAD1F7}"
EndProject
Global
	GlobalSection(SolutionConfigurationPlatforms) = preSolution
		Debug|Any CPU = Debug|Any CPU
		Release|Any CPU = Release|Any CPU
	EndGlobalSection
	GlobalSection(ProjectConfigurationPlatforms) = postSolution
		{268737A8-34E7-40DA-B250-FACAEBBAD1F7}.Debug|Any CPU.ActiveCfg = Debug|Any CPU
		{268737A8-34E7-40DA-B250-FACAEBBAD1F7}.Debug|Any CPU.Build.0 = Debug|Any CPU
		{268737A8-34E7-40DA-B250-FACAEBBAD1F7}.Release|Any CPU.ActiveCfg = Release|Any CPU
		{268737A8-34E7-40DA-B250-FACAEBBAD1F7}.Release|Any CPU.Build.0 = Release|Any CPU
	EndGlobalSection
	GlobalSection(SolutionProperties) = preSolution
		HideSolutionNode = FALSE
	EndGlobalSection
	GlobalSection(ExtensibilityGlobals) = postSolution
		SolutionGuid = {E1A0C105-B027-4329-AD7C-ABA914CFEBA7}
	EndGlobalSection
EndGlobal
